
Microsoft Visual Studio Solution File, Format Version 12.00
# Visual Studio Version 16
VisualStudioVersion = 16.0.30621.155
MinimumVisualStudioVersion = 10.0.40219.1
Project("{FAE04EC0-301F-11D3-BF4B-00C04F79EFBC}") = "Bazy Danych", "Bazy Danych\Bazy Danych.csproj", "{A68B3CF9-2CDE-4A36-AD60-28698D73CB66}"
EndProject
Global
	GlobalSection(SolutionConfigurationPlatforms) = preSolution
		Debug|Any CPU = Debug|Any CPU
		Release|Any CPU = Release|Any CPU
	EndGlobalSection
	GlobalSection(ProjectConfigurationPlatforms) = postSolution
		{A68B3CF9-2CDE-4A36-AD60-28698D73CB66}.Debug|Any CPU.ActiveCfg = Debug|Any CPU
		{A68B3CF9-2CDE-4A36-AD60-28698D73CB66}.Debug|Any CPU.Build.0 = Debug|Any CPU
		{A68B3CF9-2CDE-4A36-AD60-28698D73CB66}.Release|Any CPU.ActiveCfg = Release|Any CPU
		{A68B3CF9-2CDE-4A36-AD60-28698D73CB66}.Release|Any CPU.Build.0 = Release|Any CPU
	EndGlobalSection
	GlobalSection(SolutionProperties) = preSolution
		HideSolutionNode = FALSE
	EndGlobalSection
	GlobalSection(ExtensibilityGlobals) = postSolution
		SolutionGuid = {6DDCDE30-3671-4BA2-90BC-D5B7B592F796}
	EndGlobalSection
EndGlobal
